
Microsoft Visual Studio Solution File, Format Version 12.00
# Visual Studio Version 17
VisualStudioVersion = 17.5.33530.505
MinimumVisualStudioVersion = 10.0.40219.1
Project("{FAE04EC0-301F-11D3-BF4B-00C04F79EFBC}") = "AnnouncementsAPI", "AnnouncementsAPI\AnnouncementsAPI.csproj", "{85B3C425-396A-4CE2-8047-CCFEF105881D}"
EndProject
Global
	GlobalSection(SolutionConfigurationPlatforms) = preSolution
		Debug|Any CPU = Debug|Any CPU
		Release|Any CPU = Release|Any CPU
	EndGlobalSection
	GlobalSection(ProjectConfigurationPlatforms) = postSolution
		{85B3C425-396A-4CE2-8047-CCFEF105881D}.Debug|Any CPU.ActiveCfg = Debug|Any CPU
		{85B3C425-396A-4CE2-8047-CCFEF105881D}.Debug|Any CPU.Build.0 = Debug|Any CPU
		{85B3C425-396A-4CE2-8047-CCFEF105881D}.Release|Any CPU.ActiveCfg = Release|Any CPU
		{85B3C425-396A-4CE2-8047-CCFEF105881D}.Release|Any CPU.Build.0 = Release|Any CPU
	EndGlobalSection
	GlobalSection(SolutionProperties) = preSolution
		HideSolutionNode = FALSE
	EndGlobalSection
	GlobalSection(ExtensibilityGlobals) = postSolution
		SolutionGuid = {556F0B8F-04F2-4BDB-9D4E-E58299BBE496}
	EndGlobalSection
EndGlobal
